
Microsoft Visual Studio Solution File, Format Version 12.00
# Visual Studio Version 16
VisualStudioVersion = 16.0.30907.101
MinimumVisualStudioVersion = 10.0.40219.1
Project("{FAE04EC0-301F-11D3-BF4B-00C04F79EFBC}") = "Portafolio", "Portafolio\Portafolio.csproj", "{D458D58B-3CD5-479A-BE63-D1F16B3DA204}"
EndProject
Global
	GlobalSection(SolutionConfigurationPlatforms) = preSolution
		Debug|Any CPU = Debug|Any CPU
		Release|Any CPU = Release|Any CPU
	EndGlobalSection
	GlobalSection(ProjectConfigurationPlatforms) = postSolution
		{D458D58B-3CD5-479A-BE63-D1F16B3DA204}.Debug|Any CPU.ActiveCfg = Debug|Any CPU
		{D458D58B-3CD5-479A-BE63-D1F16B3DA204}.Debug|Any CPU.Build.0 = Debug|Any CPU
		{D458D58B-3CD5-479A-BE63-D1F16B3DA204}.Release|Any CPU.ActiveCfg = Release|Any CPU
		{D458D58B-3CD5-479A-BE63-D1F16B3DA204}.Release|Any CPU.Build.0 = Release|Any CPU
	EndGlobalSection
	GlobalSection(SolutionProperties) = preSolution
		HideSolutionNode = FALSE
	EndGlobalSection
	GlobalSection(ExtensibilityGlobals) = postSolution
		SolutionGuid = {C6A49774-BD9F-404A-B266-F3716745AAF7}
	EndGlobalSection
EndGlobal
